
Microsoft Visual Studio Solution File, Format Version 12.00
# Visual Studio Version 16
VisualStudioVersion = 16.0.30225.117
MinimumVisualStudioVersion = 10.0.40219.1
Project("{FAE04EC0-301F-11D3-BF4B-00C04F79EFBC}") = "Sololearn Mod 1", "Sololearn Mod 1\Sololearn Mod 1.csproj", "{9EB8416F-6EF0-4FAA-9C28-EA06BC08336D}"
EndProject
Global
	GlobalSection(SolutionConfigurationPlatforms) = preSolution
		Debug|Any CPU = Debug|Any CPU
		Release|Any CPU = Release|Any CPU
	EndGlobalSection
	GlobalSection(ProjectConfigurationPlatforms) = postSolution
		{9EB8416F-6EF0-4FAA-9C28-EA06BC08336D}.Debug|Any CPU.ActiveCfg = Debug|Any CPU
		{9EB8416F-6EF0-4FAA-9C28-EA06BC08336D}.Debug|Any CPU.Build.0 = Debug|Any CPU
		{9EB8416F-6EF0-4FAA-9C28-EA06BC08336D}.Release|Any CPU.ActiveCfg = Release|Any CPU
		{9EB8416F-6EF0-4FAA-9C28-EA06BC08336D}.Release|Any CPU.Build.0 = Release|Any CPU
	EndGlobalSection
	GlobalSection(SolutionProperties) = preSolution
		HideSolutionNode = FALSE
	EndGlobalSection
	GlobalSection(ExtensibilityGlobals) = postSolution
		SolutionGuid = {B9F94322-E174-4AB3-BE8E-BEA1F7D1F536}
	EndGlobalSection
EndGlobal
